// !$*UTF8*$!
{
	archiveVersion = 1;
	classes = {
	};
	objectVersion = 50;
	objects = {

/* Begin PBXBuildFile section */
		DDD2F22E26A2674800397252 /* HackerNews_SwiftUIApp.swift in Sources */ = {isa = PBXBuildFile; fileRef = DDD2F22D26A2674800397252 /* HackerNews_SwiftUIApp.swift */; };
		DDD2F23026A2674800397252 /* ContentView.swift in Sources */ = {isa = PBXBuildFile; fileRef = DDD2F22F26A2674800397252 /* ContentView.swift */; };
		DDD2F23226A2674B00397252 /* Assets.xcassets in Resources */ = {isa = PBXBuildFile; fileRef = DDD2F23126A2674B00397252 /* Assets.xcassets */; };
		DDD2F23526A2674B00397252 /* Preview Assets.xcassets in Resources */ = {isa = PBXBuildFile; fileRef = DDD2F23426A2674B00397252 /* Preview Assets.xcassets */; };
		DDD2F23E26A26AC100397252 /* NetworkManager.swift in Sources */ = {isa = PBXBuildFile; fileRef = DDD2F23D26A26AC100397252 /* NetworkManager.swift */; };
		DDD2F24026A26C4A00397252 /* PostData.swift in Sources */ = {isa = PBXBuildFile; fileRef = DDD2F23F26A26C4A00397252 /* PostData.swift */; };
		DDD2F24326A276A900397252 /* DetailView.swift in Sources */ = {isa = PBXBuildFile; fileRef = DDD2F24226A276A900397252 /* DetailView.swift */; };
		DDD2F24526A27B0B00397252 /* Webview.swift in Sources */ = {isa = PBXBuildFile; fileRef = DDD2F24426A27B0B00397252 /* Webview.swift */; };
/* End PBXBuildFile section */

/* Begin PBXFileReference section */
		DDD2F22A26A2674800397252 /* HackerNews-SwiftUI.app */ = {isa = PBXFileReference; explicitFileType = wrapper.application; includeInIndex = 0; path = "HackerNews-SwiftUI.app"; sourceTree = BUILT_PRODUCTS_DIR; };
		DDD2F22D26A2674800397252 /* HackerNews_SwiftUIApp.swift */ = {isa = PBXFileReference; lastKnownFileType = sourcecode.swift; path = HackerNews_SwiftUIApp.swift; sourceTree = "<group>"; };
		DDD2F22F26A2674800397252 /* ContentView.swift */ = {isa = PBXFileReference; lastKnownFileType = sourcecode.swift; path = ContentView.swift; sourceTree = "<group>"; };
		DDD2F23126A2674B00397252 /* Assets.xcassets */ = {isa = PBXFileReference; lastKnownFileType = folder.assetcatalog; path = Assets.xcassets; sourceTree = "<group>"; };
		DDD2F23426A2674B00397252 /* Preview Assets.xcassets */ = {isa = PBXFileReference; lastKnownFileType = folder.assetcatalog; path = "Preview Assets.xcassets"; sourceTree = "<group>"; };
		DDD2F23626A2674B00397252 /* Info.plist */ = {isa = PBXFileReference; lastKnownFileType = text.plist.xml; path = Info.plist; sourceTree = "<group>"; };
		DDD2F23D26A26AC100397252 /* NetworkManager.swift */ = {isa = PBXFileReference; lastKnownFileType = sourcecode.swift; path = NetworkManager.swift; sourceTree = "<group>"; };
		DDD2F23F26A26C4A00397252 /* PostData.swift */ = {isa = PBXFileReference; lastKnownFileType = sourcecode.swift; path = PostData.swift; sourceTree = "<group>"; };
		DDD2F24226A276A900397252 /* DetailView.swift */ = {isa = PBXFileReference; lastKnownFileType = sourcecode.swift; path = DetailView.swift; sourceTree = "<group>"; };
		DDD2F24426A27B0B00397252 /* Webview.swift */ = {isa = PBXFileReference; lastKnownFileType = sourcecode.swift; path = Webview.swift; sourceTree = "<group>"; };
/* End PBXFileReference section */

/* Begin PBXFrameworksBuildPhase section */
		DDD2F22726A2674800397252 /* Frameworks */ = {
			isa = PBXFrameworksBuildPhase;
			buildActionMask = 2147483647;
			files = (
			);
			runOnlyForDeploymentPostprocessing = 0;
		};
/* End PBXFrameworksBuildPhase section */

/* Begin PBXGroup section */
		DDD2F22126A2674800397252 = {
			isa = PBXGroup;
			children = (
				DDD2F22C26A2674800397252 /* HackerNews-SwiftUI */,
				DDD2F22B26A2674800397252 /* Products */,
			);
			sourceTree = "<group>";
		};
		DDD2F22B26A2674800397252 /* Products */ = {
			isa = PBXGroup;
			children = (
				DDD2F22A26A2674800397252 /* HackerNews-SwiftUI.app */,
			);
			name = Products;
			sourceTree = "<group>";
		};
		DDD2F22C26A2674800397252 /* HackerNews-SwiftUI */ = {
			isa = PBXGroup;
			children = (
				DDD2F24126A2769000397252 /* Views */,
				DDD2F23C26A26AB000397252 /* Models */,
				DDD2F22D26A2674800397252 /* HackerNews_SwiftUIApp.swift */,
				DDD2F23126A2674B00397252 /* Assets.xcassets */,
				DDD2F23626A2674B00397252 /* Info.plist */,
				DDD2F23326A2674B00397252 /* Preview Content */,
			);
			path = "HackerNews-SwiftUI";
			sourceTree = "<group>";
		};
		DDD2F23326A2674B00397252 /* Preview Content */ = {
			isa = PBXGroup;
			children = (
				DDD2F23426A2674B00397252 /* Preview Assets.xcassets */,
			);
			path = "Preview Content";
			sourceTree = "<group>";
		};
		DDD2F23C26A26AB000397252 /* Models */ = {
			isa = PBXGroup;
			children = (
				DDD2F23D26A26AC100397252 /* NetworkManager.swift */,
				DDD2F23F26A26C4A00397252 /* PostData.swift */,
			);
			path = Models;
			sourceTree = "<group>";
		};
		DDD2F24126A2769000397252 /* Views */ = {
			isa = PBXGroup;
			children = (
				DDD2F22F26A2674800397252 /* ContentView.swift */,
				DDD2F24226A276A900397252 /* DetailView.swift */,
				DDD2F24426A27B0B00397252 /* Webview.swift */,
			);
			path = Views;
			sourceTree = "<group>";
		};
/* End PBXGroup section */

/* Begin PBXNativeTarget section */
		DDD2F22926A2674800397252 /* HackerNews-SwiftUI */ = {
			isa = PBXNativeTarget;
			buildConfigurationList = DDD2F23926A2674B00397252 /* Build configuration list for PBXNativeTarget "HackerNews-SwiftUI" */;
			buildPhases = (
				DDD2F22626A2674800397252 /* Sources */,
				DDD2F22726A2674800397252 /* Frameworks */,
				DDD2F22826A2674800397252 /* Resources */,
			);
			buildRules = (
			);
			dependencies = (
			);
			name = "HackerNews-SwiftUI";
			productName = "HackerNews-SwiftUI";
			productReference = DDD2F22A26A2674800397252 /* HackerNews-SwiftUI.app */;
			productType = "com.apple.product-type.application";
		};
/* End PBXNativeTarget section */

/* Begin PBXProject section */
		DDD2F22226A2674800397252 /* Project object */ = {
			isa = PBXProject;
			attributes = {
				LastSwiftUpdateCheck = 1250;
				LastUpgradeCheck = 1250;
				TargetAttributes = {
					DDD2F22926A2674800397252 = {
						CreatedOnToolsVersion = 12.5.1;
					};
				};
			};
			buildConfigurationList = DDD2F22526A2674800397252 /* Build configuration list for PBXProject "HackerNews-SwiftUI" */;
			compatibilityVersion = "Xcode 9.3";
			developmentRegion = en;
			hasScannedForEncodings = 0;
			knownRegions = (
				en,
				Base,
			);
			mainGroup = DDD2F22126A2674800397252;
			productRefGroup = DDD2F22B26A2674800397252 /* Products */;
			projectDirPath = "";
			projectRoot = "";
			targets = (
				DDD2F22926A2674800397252 /* HackerNews-SwiftUI */,
			);
		};
/* End PBXProject section */

/* Begin PBXResourcesBuildPhase section */
		DDD2F22826A2674800397252 /* Resources */ = {
			isa = PBXResourcesBuildPhase;
			buildActionMask = 2147483647;
			files = (
				DDD2F23526A2674B00397252 /* Preview Assets.xcassets in Resources */,
				DDD2F23226A2674B00397252 /* Assets.xcassets in Resources */,
			);
			runOnlyForDeploymentPostprocessing = 0;
		};
/* End PBXResourcesBuildPhase section */

/* Begin PBXSourcesBuildPhase section */
		DDD2F22626A2674800397252 /* Sources */ = {
			isa = PBXSourcesBuildPhase;
			buildActionMask = 2147483647;
			files = (
				DDD2F23E26A26AC100397252 /* NetworkManager.swift in Sources */,
				DDD2F24026A26C4A00397252 /* PostData.swift in Sources */,
				DDD2F23026A2674800397252 /* ContentView.swift in Sources */,
				DDD2F24526A27B0B00397252 /* Webview.swift in Sources */,
				DDD2F24326A276A900397252 /* DetailView.swift in Sources */,
				DDD2F22E26A2674800397252 /* HackerNews_SwiftUIApp.swift in Sources */,
			);
			runOnlyForDeploymentPostprocessing = 0;
		};
/* End PBXSourcesBuildPhase section */

/* Begin XCBuildConfiguration section */
		DDD2F23726A2674B00397252 /* Debug */ = {
			isa = XCBuildConfiguration;
			buildSettings = {
				ALWAYS_SEARCH_USER_PATHS = NO;
				CLANG_ANALYZER_NONNULL = YES;
				CLANG_ANALYZER_NUMBER_OBJECT_CONVERSION = YES_AGGRESSIVE;
				CLANG_CXX_LANGUAGE_STANDARD = "gnu++14";
				CLANG_CXX_LIBRARY = "libc++";
				CLANG_ENABLE_MODULES = YES;
				CLANG_ENABLE_OBJC_ARC = YES;
				CLANG_ENABLE_OBJC_WEAK = YES;
				CLANG_WARN_BLOCK_CAPTURE_AUTORELEASING = YES;
				CLANG_WARN_BOOL_CONVERSION = YES;
				CLANG_WARN_COMMA = YES;
				CLANG_WARN_CONSTANT_CONVERSION = YES;
				CLANG_WARN_DEPRECATED_OBJC_IMPLEMENTATIONS = YES;
				CLANG_WARN_DIRECT_OBJC_ISA_USAGE = YES_ERROR;
				CLANG_WARN_DOCUMENTATION_COMMENTS = YES;
				CLANG_WARN_EMPTY_BODY = YES;
				CLANG_WARN_ENUM_CONVERSION = YES;
				CLANG_WARN_INFINITE_RECURSION = YES;
				CLANG_WARN_INT_CONVERSION = YES;
				CLANG_WARN_NON_LITERAL_NULL_CONVERSION = YES;
				CLANG_WARN_OBJC_IMPLICIT_RETAIN_SELF = YES;
				CLANG_WARN_OBJC_LITERAL_CONVERSION = YES;
				CLANG_WARN_OBJC_ROOT_CLASS = YES_ERROR;
				CLANG_WARN_QUOTED_INCLUDE_IN_FRAMEWORK_HEADER = YES;
				CLANG_WARN_RANGE_LOOP_ANALYSIS = YES;
				CLANG_WARN_STRICT_PROTOTYPES = YES;
				CLANG_WARN_SUSPICIOUS_MOVE = YES;
				CLANG_WARN_UNGUARDED_AVAILABILITY = YES_AGGRESSIVE;
				CLANG_WARN_UNREACHABLE_CODE = YES;
				CLANG_WARN__DUPLICATE_METHOD_MATCH = YES;
				COPY_PHASE_STRIP = NO;
				DEBUG_INFORMATION_FORMAT = dwarf;
				ENABLE_STRICT_OBJC_MSGSEND = YES;
				ENABLE_TESTABILITY = YES;
				GCC_C_LANGUAGE_STANDARD = gnu11;
				GCC_DYNAMIC_NO_PIC = NO;
				GCC_NO_COMMON_BLOCKS = YES;
				GCC_OPTIMIZATION_LEVEL = 0;
				GCC_PREPROCESSOR_DEFINITIONS = (
					"DEBUG=1",
					"$(inherited)",
				);
				GCC_WARN_64_TO_32_BIT_CONVERSION = YES;
				GCC_WARN_ABOUT_RETURN_TYPE = YES_ERROR;
				GCC_WARN_UNDECLARED_SELECTOR = YES;
				GCC_WARN_UNINITIALIZED_AUTOS = YES_AGGRESSIVE;
				GCC_WARN_UNUSED_FUNCTION = YES;
				GCC_WARN_UNUSED_VARIABLE = YES;
				IPHONEOS_DEPLOYMENT_TARGET = 14.5;
				MTL_ENABLE_DEBUG_INFO = INCLUDE_SOURCE;
				MTL_FAST_MATH = YES;
				ONLY_ACTIVE_ARCH = YES;
				SDKROOT = iphoneos;
				SWIFT_ACTIVE_COMPILATION_CONDITIONS = DEBUG;
				SWIFT_OPTIMIZATION_LEVEL = "-Onone";
			};
			name = Debug;
		};
		DDD2F23826A2674B00397252 /* Release */ = {
			isa = XCBuildConfiguration;
			buildSettings = {
				ALWAYS_SEARCH_USER_PATHS = NO;
				CLANG_ANALYZER_NONNULL = YES;
				CLANG_ANALYZER_NUMBER_OBJECT_CONVERSION = YES_AGGRESSIVE;
				CLANG_CXX_LANGUAGE_STANDARD = "gnu++14";
				CLANG_CXX_LIBRARY = "libc++";
				CLANG_ENABLE_MODULES = YES;
				CLANG_ENABLE_OBJC_ARC = YES;
				CLANG_ENABLE_OBJC_WEAK = YES;
				CLANG_WARN_BLOCK_CAPTURE_AUTORELEASING = YES;
				CLANG_WARN_BOOL_CONVERSION = YES;
				CLANG_WARN_COMMA = YES;
				CLANG_WARN_CONSTANT_CONVERSION = YES;
				CLANG_WARN_DEPRECATED_OBJC_IMPLEMENTATIONS = YES;
				CLANG_WARN_DIRECT_OBJC_ISA_USAGE = YES_ERROR;
				CLANG_WARN_DOCUMENTATION_COMMENTS = YES;
				CLANG_WARN_EMPTY_BODY = YES;
				CLANG_WARN_ENUM_CONVERSION = YES;
				CLANG_WARN_INFINITE_RECURSION = YES;
				CLANG_WARN_INT_CONVERSION = YES;
				CLANG_WARN_NON_LITERAL_NULL_CONVERSION = YES;
				CLANG_WARN_OBJC_IMPLICIT_RETAIN_SELF = YES;
				CLANG_WARN_OBJC_LITERAL_CONVERSION = YES;
				CLANG_WARN_OBJC_ROOT_CLASS = YES_ERROR;
				CLANG_WARN_QUOTED_INCLUDE_IN_FRAMEWORK_HEADER = YES;
				CLANG_WARN_RANGE_LOOP_ANALYSIS = YES;
				CLANG_WARN_STRICT_PROTOTYPES = YES;
				CLANG_WARN_SUSPICIOUS_MOVE = YES;
				CLANG_WARN_UNGUARDED_AVAILABILITY = YES_AGGRESSIVE;
				CLANG_WARN_UNREACHABLE_CODE = YES;
				CLANG_WARN__DUPLICATE_METHOD_MATCH = YES;
				COPY_PHASE_STRIP = NO;
				DEBUG_INFORMATION_FORMAT = "dwarf-with-dsym";
				ENABLE_NS_ASSERTIONS = NO;
				ENABLE_STRICT_OBJC_MSGSEND = YES;
				GCC_C_LANGUAGE_STANDARD = gnu11;
				GCC_NO_COMMON_BLOCKS = YES;
				GCC_WARN_64_TO_32_BIT_CONVERSION = YES;
				GCC_WARN_ABOUT_RETURN_TYPE = YES_ERROR;
				GCC_WARN_UNDECLARED_SELECTOR = YES;
				GCC_WARN_UNINITIALIZED_AUTOS = YES_AGGRESSIVE;
				GCC_WARN_UNUSED_FUNCTION = YES;
				GCC_WARN_UNUSED_VARIABLE = YES;
				IPHONEOS_DEPLOYMENT_TARGET = 14.5;
				MTL_ENABLE_DEBUG_INFO = NO;
				MTL_FAST_MATH = YES;
				SDKROOT = iphoneos;
				SWIFT_COMPILATION_MODE = wholemodule;
				SWIFT_OPTIMIZATION_LEVEL = "-O";
				VALIDATE_PRODUCT = YES;
			};
			name = Release;
		};
		DDD2F23A26A2674B00397252 /* Debug */ = {
			isa = XCBuildConfiguration;
			buildSettings = {
				ASSETCATALOG_COMPILER_APPICON_NAME = AppIcon;
				ASSETCATALOG_COMPILER_GLOBAL_ACCENT_COLOR_NAME = AccentColor;
				CODE_SIGN_STYLE = Automatic;
				DEVELOPMENT_ASSET_PATHS = "\"HackerNews-SwiftUI/Preview Content\"";
				DEVELOPMENT_TEAM = X3BL8Q43B9;
				ENABLE_PREVIEWS = YES;
				INFOPLIST_FILE = "HackerNews-SwiftUI/Info.plist";
				IPHONEOS_DEPLOYMENT_TARGET = 14.0;
				LD_RUNPATH_SEARCH_PATHS = (
					"$(inherited)",
					"@executable_path/Frameworks",
				);
				PRODUCT_BUNDLE_IDENTIFIER = "bencefulop.com.HackerNews-SwiftUI";
				PRODUCT_NAME = "$(TARGET_NAME)";
				SWIFT_VERSION = 5.0;
				TARGETED_DEVICE_FAMILY = "1,2";
			};
			name = Debug;
		};
		DDD2F23B26A2674B00397252 /* Release */ = {
			isa = XCBuildConfiguration;
			buildSettings = {
				ASSETCATALOG_COMPILER_APPICON_NAME = AppIcon;
				ASSETCATALOG_COMPILER_GLOBAL_ACCENT_COLOR_NAME = AccentColor;
				CODE_SIGN_STYLE = Automatic;
				DEVELOPMENT_ASSET_PATHS = "\"HackerNews-SwiftUI/Preview Content\"";
				DEVELOPMENT_TEAM = X3BL8Q43B9;
				ENABLE_PREVIEWS = YES;
				INFOPLIST_FILE = "HackerNews-SwiftUI/Info.plist";
				IPHONEOS_DEPLOYMENT_TARGET = 14.0;
				LD_RUNPATH_SEARCH_PATHS = (
					"$(inherited)",
					"@executable_path/Frameworks",
				);
				PRODUCT_BUNDLE_IDENTIFIER = "bencefulop.com.HackerNews-SwiftUI";
				PRODUCT_NAME = "$(TARGET_NAME)";
				SWIFT_VERSION = 5.0;
				TARGETED_DEVICE_FAMILY = "1,2";
			};
			name = Release;
		};
/* End XCBuildConfiguration section */

/* Begin XCConfigurationList section */
		DDD2F22526A2674800397252 /* Build configuration list for PBXProject "HackerNews-SwiftUI" */ = {
			isa = XCConfigurationList;
			buildConfigurations = (
				DDD2F23726A2674B00397252 /* Debug */,
				DDD2F23826A2674B00397252 /* Release */,
			);
			defaultConfigurationIsVisible = 0;
			defaultConfigurationName = Release;
		};
		DDD2F23926A2674B00397252 /* Build configuration list for PBXNativeTarget "HackerNews-SwiftUI" */ = {
			isa = XCConfigurationList;
			buildConfigurations = (
				DDD2F23A26A2674B00397252 /* Debug */,
				DDD2F23B26A2674B00397252 /* Release */,
			);
			defaultConfigurationIsVisible = 0;
			defaultConfigurationName = Release;
		};
/* End XCConfigurationList section */
	};
	rootObject = DDD2F22226A2674800397252 /* Project object */;
}
